
Microsoft Visual Studio Solution File, Format Version 12.00
# Visual Studio Version 16
VisualStudioVersion = 16.0.28803.156
MinimumVisualStudioVersion = 10.0.40219.1
Project("{FAE04EC0-301F-11D3-BF4B-00C04F79EFBC}") = "Hacknet Extension Editor", "Hacknet Extension Editor\Hacknet Extension Editor.csproj", "{1E65E022-D495-4948-A68E-88E1C5D18C61}"
EndProject
Project("{FAE04EC0-301F-11D3-BF4B-00C04F79EFBC}") = "hec", "hec\hec.csproj", "{069A3FB6-8910-485E-BAA2-49D7A4034915}"
EndProject
Global
	GlobalSection(SolutionConfigurationPlatforms) = preSolution
		Debug|Any CPU = Debug|Any CPU
		Release|Any CPU = Release|Any CPU
	EndGlobalSection
	GlobalSection(ProjectConfigurationPlatforms) = postSolution
		{1E65E022-D495-4948-A68E-88E1C5D18C61}.Debug|Any CPU.ActiveCfg = Debug|Any CPU
		{1E65E022-D495-4948-A68E-88E1C5D18C61}.Debug|Any CPU.Build.0 = Debug|Any CPU
		{1E65E022-D495-4948-A68E-88E1C5D18C61}.Release|Any CPU.ActiveCfg = Release|Any CPU
		{1E65E022-D495-4948-A68E-88E1C5D18C61}.Release|Any CPU.Build.0 = Release|Any CPU
		{069A3FB6-8910-485E-BAA2-49D7A4034915}.Debug|Any CPU.ActiveCfg = Debug|Any CPU
		{069A3FB6-8910-485E-BAA2-49D7A4034915}.Debug|Any CPU.Build.0 = Debug|Any CPU
		{069A3FB6-8910-485E-BAA2-49D7A4034915}.Release|Any CPU.ActiveCfg = Release|Any CPU
		{069A3FB6-8910-485E-BAA2-49D7A4034915}.Release|Any CPU.Build.0 = Release|Any CPU
	EndGlobalSection
	GlobalSection(SolutionProperties) = preSolution
		HideSolutionNode = FALSE
	EndGlobalSection
	GlobalSection(ExtensibilityGlobals) = postSolution
		SolutionGuid = {5BFCDB9C-5BE0-4638-BE20-397B649ABC72}
	EndGlobalSection
EndGlobal
